
Microsoft Visual Studio Solution File, Format Version 12.00
# Visual Studio Version 17
VisualStudioVersion = 17.9.34723.18
MinimumVisualStudioVersion = 10.0.40219.1
Project("{9A19103F-16F7-4668-BE54-9A1E7A4F7556}") = "Cobit19", "Cobit19\Cobit19.csproj", "{72AB12EA-C4C0-4F71-B336-4B95957A263E}"
EndProject
Global
	GlobalSection(SolutionConfigurationPlatforms) = preSolution
		Debug|Any CPU = Debug|Any CPU
		Release|Any CPU = Release|Any CPU
	EndGlobalSection
	GlobalSection(ProjectConfigurationPlatforms) = postSolution
		{72AB12EA-C4C0-4F71-B336-4B95957A263E}.Debug|Any CPU.ActiveCfg = Debug|Any CPU
		{72AB12EA-C4C0-4F71-B336-4B95957A263E}.Debug|Any CPU.Build.0 = Debug|Any CPU
		{72AB12EA-C4C0-4F71-B336-4B95957A263E}.Release|Any CPU.ActiveCfg = Release|Any CPU
		{72AB12EA-C4C0-4F71-B336-4B95957A263E}.Release|Any CPU.Build.0 = Release|Any CPU
	EndGlobalSection
	GlobalSection(SolutionProperties) = preSolution
		HideSolutionNode = FALSE
	EndGlobalSection
	GlobalSection(ExtensibilityGlobals) = postSolution
		SolutionGuid = {139196FA-C41B-433D-A365-495EEBEC722E}
	EndGlobalSection
EndGlobal
